{
  "name": "collective-taxonomy",
  "version": "1.0.0",
  "dependencies": {
    "minifyify": {
      "version": "7.1.0",
      "from": "minifyify@>=7.0.5 <8.0.0",
      "resolved": "https://registry.npmjs.org/minifyify/-/minifyify-7.1.0.tgz",
      "dependencies": {
        "concat-stream": {
          "version": "1.5.1",
          "from": "concat-stream@>=1.4.7 <2.0.0",
          "resolved": "https://registry.npmjs.org/concat-stream/-/concat-stream-1.5.1.tgz",
          "dependencies": {
            "inherits": {
              "version": "2.0.1",
              "from": "inherits@>=2.0.1 <2.1.0",
              "resolved": "https://registry.npmjs.org/inherits/-/inherits-2.0.1.tgz"
            },
            "typedarray": {
              "version": "0.0.6",
              "from": "typedarray@>=0.0.5 <0.1.0",
              "resolved": "https://registry.npmjs.org/typedarray/-/typedarray-0.0.6.tgz"
            },
            "readable-stream": {
              "version": "2.0.3",
              "from": "readable-stream@>=2.0.0 <2.1.0",
              "resolved": "https://registry.npmjs.org/readable-stream/-/readable-stream-2.0.3.tgz",
              "dependencies": {
                "core-util-is": {
                  "version": "1.0.1",
                  "from": "core-util-is@>=1.0.0 <1.1.0",
                  "resolved": "https://registry.npmjs.org/core-util-is/-/core-util-is-1.0.1.tgz"
                },
                "isarray": {
                  "version": "0.0.1",
                  "from": "isarray@0.0.1",
                  "resolved": "https://registry.npmjs.org/isarray/-/isarray-0.0.1.tgz"
                },
                "process-nextick-args": {
                  "version": "1.0.3",
                  "from": "process-nextick-args@>=1.0.0 <1.1.0",
                  "resolved": "https://registry.npmjs.org/process-nextick-args/-/process-nextick-args-1.0.3.tgz"
                },
                "string_decoder": {
                  "version": "0.10.31",
                  "from": "string_decoder@>=0.10.0 <0.11.0",
                  "resolved": "https://registry.npmjs.org/string_decoder/-/string_decoder-0.10.31.tgz"
                },
                "util-deprecate": {
                  "version": "1.0.2",
                  "from": "util-deprecate@>=1.0.1 <1.1.0",
                  "resolved": "https://registry.npmjs.org/util-deprecate/-/util-deprecate-1.0.2.tgz"
                }
              }
            }
          }
        },
        "convert-source-map": {
          "version": "1.1.1",
          "from": "convert-source-map@>=1.0.0 <2.0.0",
          "resolved": "https://registry.npmjs.org/convert-source-map/-/convert-source-map-1.1.1.tgz"
        },
        "lodash.bind": {
          "version": "3.1.0",
          "from": "lodash.bind@>=3.0.0 <4.0.0",
          "resolved": "https://registry.npmjs.org/lodash.bind/-/lodash.bind-3.1.0.tgz",
          "dependencies": {
            "lodash._createwrapper": {
              "version": "3.0.7",
              "from": "lodash._createwrapper@>=3.0.0 <4.0.0",
              "resolved": "https://registry.npmjs.org/lodash._createwrapper/-/lodash._createwrapper-3.0.7.tgz",
              "dependencies": {
                "lodash._arraycopy": {
                  "version": "3.0.0",
                  "from": "lodash._arraycopy@>=3.0.0 <4.0.0",
                  "resolved": "https://registry.npmjs.org/lodash._arraycopy/-/lodash._arraycopy-3.0.0.tgz"
                },
                "lodash._basecreate": {
                  "version": "3.0.3",
                  "from": "lodash._basecreate@>=3.0.0 <4.0.0",
                  "resolved": "https://registry.npmjs.org/lodash._basecreate/-/lodash._basecreate-3.0.3.tgz"
                }
              }
            },
            "lodash._replaceholders": {
              "version": "3.0.0",
              "from": "lodash._replaceholders@>=3.0.0 <4.0.0",
              "resolved": "https://registry.npmjs.org/lodash._replaceholders/-/lodash._replaceholders-3.0.0.tgz"
            },
            "lodash.restparam": {
              "version": "3.6.1",
              "from": "lodash.restparam@>=3.0.0 <4.0.0",
              "resolved": "https://registry.npmjs.org/lodash.restparam/-/lodash.restparam-3.6.1.tgz"
            }
          }
        },
        "lodash.defaults": {
          "version": "3.1.2",
          "from": "lodash.defaults@>=3.0.0 <4.0.0",
          "resolved": "https://registry.npmjs.org/lodash.defaults/-/lodash.defaults-3.1.2.tgz",
          "dependencies": {
            "lodash.assign": {
              "version": "3.2.0",
              "from": "lodash.assign@>=3.0.0 <4.0.0",
              "resolved": "https://registry.npmjs.org/lodash.assign/-/lodash.assign-3.2.0.tgz",
              "dependencies": {
                "lodash._baseassign": {
                  "version": "3.2.0",
                  "from": "lodash._baseassign@>=3.0.0 <4.0.0",
                  "resolved": "https://registry.npmjs.org/lodash._baseassign/-/lodash._baseassign-3.2.0.tgz",
                  "dependencies": {
                    "lodash._basecopy": {
                      "version": "3.0.1",
                      "from": "lodash._basecopy@>=3.0.0 <4.0.0",
                      "resolved": "https://registry.npmjs.org/lodash._basecopy/-/lodash._basecopy-3.0.1.tgz"
                    }
                  }
                },
                "lodash._createassigner": {
                  "version": "3.1.1",
                  "from": "lodash._createassigner@>=3.0.0 <4.0.0",
                  "resolved": "https://registry.npmjs.org/lodash._createassigner/-/lodash._createassigner-3.1.1.tgz",
                  "dependencies": {
                    "lodash._bindcallback": {
                      "version": "3.0.1",
                      "from": "lodash._bindcallback@>=3.0.0 <4.0.0",
                      "resolved": "https://registry.npmjs.org/lodash._bindcallback/-/lodash._bindcallback-3.0.1.tgz"
                    },
                    "lodash._isiterateecall": {
                      "version": "3.0.9",
                      "from": "lodash._isiterateecall@>=3.0.0 <4.0.0",
                      "resolved": "https://registry.npmjs.org/lodash._isiterateecall/-/lodash._isiterateecall-3.0.9.tgz"
                    }
                  }
                },
                "lodash.keys": {
                  "version": "3.1.2",
                  "from": "lodash.keys@>=3.0.0 <4.0.0",
                  "resolved": "https://registry.npmjs.org/lodash.keys/-/lodash.keys-3.1.2.tgz",
                  "dependencies": {
                    "lodash._getnative": {
                      "version": "3.9.1",
                      "from": "lodash._getnative@>=3.0.0 <4.0.0",
                      "resolved": "https://registry.npmjs.org/lodash._getnative/-/lodash._getnative-3.9.1.tgz"
                    },
                    "lodash.isarguments": {
                      "version": "3.0.4",
                      "from": "lodash.isarguments@>=3.0.0 <4.0.0",
                      "resolved": "https://registry.npmjs.org/lodash.isarguments/-/lodash.isarguments-3.0.4.tgz"
                    },
                    "lodash.isarray": {
                      "version": "3.0.4",
                      "from": "lodash.isarray@>=3.0.0 <4.0.0",
                      "resolved": "https://registry.npmjs.org/lodash.isarray/-/lodash.isarray-3.0.4.tgz"
                    }
                  }
                }
              }
            },
            "lodash.restparam": {
              "version": "3.6.1",
              "from": "lodash.restparam@>=3.0.0 <4.0.0",
              "resolved": "https://registry.npmjs.org/lodash.restparam/-/lodash.restparam-3.6.1.tgz"
            }
          }
        },
        "lodash.foreach": {
          "version": "3.0.3",
          "from": "lodash.foreach@>=3.0.0 <4.0.0",
          "resolved": "https://registry.npmjs.org/lodash.foreach/-/lodash.foreach-3.0.3.tgz",
          "dependencies": {
            "lodash._arrayeach": {
              "version": "3.0.0",
              "from": "lodash._arrayeach@>=3.0.0 <4.0.0",
              "resolved": "https://registry.npmjs.org/lodash._arrayeach/-/lodash._arrayeach-3.0.0.tgz"
            },
            "lodash._baseeach": {
              "version": "3.0.4",
              "from": "lodash._baseeach@>=3.0.0 <4.0.0",
              "resolved": "https://registry.npmjs.org/lodash._baseeach/-/lodash._baseeach-3.0.4.tgz",
              "dependencies": {
                "lodash.keys": {
                  "version": "3.1.2",
                  "from": "lodash.keys@>=3.0.0 <4.0.0",
                  "resolved": "https://registry.npmjs.org/lodash.keys/-/lodash.keys-3.1.2.tgz",
                  "dependencies": {
                    "lodash._getnative": {
                      "version": "3.9.1",
                      "from": "lodash._getnative@>=3.0.0 <4.0.0",
                      "resolved": "https://registry.npmjs.org/lodash._getnative/-/lodash._getnative-3.9.1.tgz"
                    },
                    "lodash.isarguments": {
                      "version": "3.0.4",
                      "from": "lodash.isarguments@>=3.0.0 <4.0.0",
                      "resolved": "https://registry.npmjs.org/lodash.isarguments/-/lodash.isarguments-3.0.4.tgz"
                    }
                  }
                }
              }
            },
            "lodash._bindcallback": {
              "version": "3.0.1",
              "from": "lodash._bindcallback@>=3.0.0 <4.0.0",
              "resolved": "https://registry.npmjs.org/lodash._bindcallback/-/lodash._bindcallback-3.0.1.tgz"
            },
            "lodash.isarray": {
              "version": "3.0.4",
              "from": "lodash.isarray@>=3.0.0 <4.0.0",
              "resolved": "https://registry.npmjs.org/lodash.isarray/-/lodash.isarray-3.0.4.tgz"
            }
          }
        },
        "mkdirp": {
          "version": "0.5.1",
          "from": "mkdirp@>=0.5.0 <0.6.0",
          "resolved": "https://registry.npmjs.org/mkdirp/-/mkdirp-0.5.1.tgz",
          "dependencies": {
            "minimist": {
              "version": "0.0.8",
              "from": "minimist@0.0.8",
              "resolved": "https://registry.npmjs.org/minimist/-/minimist-0.0.8.tgz"
            }
          }
        },
        "source-map": {
          "version": "0.4.4",
          "from": "source-map@>=0.4.2 <0.5.0",
          "resolved": "https://registry.npmjs.org/source-map/-/source-map-0.4.4.tgz",
          "dependencies": {
            "amdefine": {
              "version": "1.0.0",
              "from": "amdefine@>=0.0.4",
              "resolved": "https://registry.npmjs.org/amdefine/-/amdefine-1.0.0.tgz"
            }
          }
        },
        "through": {
          "version": "2.3.8",
          "from": "through@>=2.3.6 <3.0.0",
          "resolved": "https://registry.npmjs.org/through/-/through-2.3.8.tgz"
        },
        "tmp": {
          "version": "0.0.27",
          "from": "tmp@0.0.27",
          "resolved": "https://registry.npmjs.org/tmp/-/tmp-0.0.27.tgz",
          "dependencies": {
            "os-tmpdir": {
              "version": "1.0.1",
              "from": "os-tmpdir@>=1.0.0 <1.1.0",
              "resolved": "https://registry.npmjs.org/os-tmpdir/-/os-tmpdir-1.0.1.tgz"
            }
          }
        },
        "transform-filter": {
          "version": "0.1.1",
          "from": "transform-filter@>=0.1.1 <0.2.0",
          "resolved": "https://registry.npmjs.org/transform-filter/-/transform-filter-0.1.1.tgz",
          "dependencies": {
            "multimatch": {
              "version": "2.0.0",
              "from": "multimatch@>=2.0.0 <3.0.0",
              "resolved": "https://registry.npmjs.org/multimatch/-/multimatch-2.0.0.tgz",
              "dependencies": {
                "array-differ": {
                  "version": "1.0.0",
                  "from": "array-differ@>=1.0.0 <2.0.0",
                  "resolved": "https://registry.npmjs.org/array-differ/-/array-differ-1.0.0.tgz"
                },
                "array-union": {
                  "version": "1.0.1",
                  "from": "array-union@>=1.0.1 <2.0.0",
                  "resolved": "https://registry.npmjs.org/array-union/-/array-union-1.0.1.tgz",
                  "dependencies": {
                    "array-uniq": {
                      "version": "1.0.2",
                      "from": "array-uniq@>=1.0.1 <2.0.0",
                      "resolved": "https://registry.npmjs.org/array-uniq/-/array-uniq-1.0.2.tgz"
                    }
                  }
                },
                "minimatch": {
                  "version": "2.0.10",
                  "from": "minimatch@>=2.0.1 <3.0.0",
                  "resolved": "https://registry.npmjs.org/minimatch/-/minimatch-2.0.10.tgz",
                  "dependencies": {
                    "brace-expansion": {
                      "version": "1.1.1",
                      "from": "brace-expansion@>=1.0.0 <2.0.0",
                      "resolved": "https://registry.npmjs.org/brace-expansion/-/brace-expansion-1.1.1.tgz",
                      "dependencies": {
                        "balanced-match": {
                          "version": "0.2.1",
                          "from": "balanced-match@>=0.2.0 <0.3.0",
                          "resolved": "https://registry.npmjs.org/balanced-match/-/balanced-match-0.2.1.tgz"
                        },
                        "concat-map": {
                          "version": "0.0.1",
                          "from": "concat-map@0.0.1",
                          "resolved": "https://registry.npmjs.org/concat-map/-/concat-map-0.0.1.tgz"
                        }
                      }
                    }
                  }
                }
              }
            }
          }
        },
        "uglify-js": {
          "version": "2.5.0",
          "from": "uglify-js@>=2.4.24 <3.0.0",
          "resolved": "https://registry.npmjs.org/uglify-js/-/uglify-js-2.5.0.tgz",
          "dependencies": {
            "async": {
              "version": "0.2.10",
              "from": "async@>=0.2.6 <0.3.0",
              "resolved": "https://registry.npmjs.org/async/-/async-0.2.10.tgz"
            },
            "source-map": {
              "version": "0.5.3",
              "from": "source-map@>=0.5.1 <0.6.0",
              "resolved": "https://registry.npmjs.org/source-map/-/source-map-0.5.3.tgz"
            },
            "uglify-to-browserify": {
              "version": "1.0.2",
              "from": "uglify-to-browserify@>=1.0.0 <1.1.0",
              "resolved": "https://registry.npmjs.org/uglify-to-browserify/-/uglify-to-browserify-1.0.2.tgz"
            },
            "yargs": {
              "version": "3.5.4",
              "from": "yargs@>=3.5.4 <3.6.0",
              "resolved": "https://registry.npmjs.org/yargs/-/yargs-3.5.4.tgz",
              "dependencies": {
                "camelcase": {
                  "version": "1.2.1",
                  "from": "camelcase@>=1.0.2 <2.0.0",
                  "resolved": "https://registry.npmjs.org/camelcase/-/camelcase-1.2.1.tgz"
                },
                "decamelize": {
                  "version": "1.1.0",
                  "from": "decamelize@>=1.0.0 <2.0.0",
                  "resolved": "https://registry.npmjs.org/decamelize/-/decamelize-1.1.0.tgz"
                },
                "window-size": {
                  "version": "0.1.0",
                  "from": "window-size@0.1.0",
                  "resolved": "https://registry.npmjs.org/window-size/-/window-size-0.1.0.tgz"
                },
                "wordwrap": {
                  "version": "0.0.2",
                  "from": "wordwrap@0.0.2",
                  "resolved": "https://registry.npmjs.org/wordwrap/-/wordwrap-0.0.2.tgz"
                }
              }
            }
          }
        }
      }
    },
    "normalizr": {
      "version": "0.1.3",
      "from": "normalizr@>=0.1.3 <0.2.0",
      "resolved": "https://registry.npmjs.org/normalizr/-/normalizr-0.1.3.tgz",
      "dependencies": {
        "lodash": {
          "version": "3.10.1",
          "from": "lodash@>=3.0.0 <4.0.0",
          "resolved": "https://registry.npmjs.org/lodash/-/lodash-3.10.1.tgz"
        }
      }
    },
    "react": {
      "version": "0.14.0",
      "from": "react@>=0.14.0 <0.15.0",
      "resolved": "https://registry.npmjs.org/react/-/react-0.14.0.tgz",
      "dependencies": {
        "envify": {
          "version": "3.4.0",
          "from": "envify@>=3.0.0 <4.0.0",
          "resolved": "https://registry.npmjs.org/envify/-/envify-3.4.0.tgz",
          "dependencies": {
            "through": {
              "version": "2.3.8",
              "from": "through@>=2.3.4 <2.4.0",
              "resolved": "https://registry.npmjs.org/through/-/through-2.3.8.tgz"
            },
            "jstransform": {
              "version": "10.1.0",
              "from": "jstransform@>=10.0.1 <11.0.0",
              "resolved": "https://registry.npmjs.org/jstransform/-/jstransform-10.1.0.tgz",
              "dependencies": {
                "base62": {
                  "version": "0.1.1",
                  "from": "base62@0.1.1",
                  "resolved": "https://registry.npmjs.org/base62/-/base62-0.1.1.tgz"
                },
                "esprima-fb": {
                  "version": "13001.1001.0-dev-harmony-fb",
                  "from": "esprima-fb@13001.1001.0-dev-harmony-fb",
                  "resolved": "https://registry.npmjs.org/esprima-fb/-/esprima-fb-13001.1001.0-dev-harmony-fb.tgz"
                },
                "source-map": {
                  "version": "0.1.31",
                  "from": "source-map@0.1.31",
                  "resolved": "https://registry.npmjs.org/source-map/-/source-map-0.1.31.tgz",
                  "dependencies": {
                    "amdefine": {
                      "version": "1.0.0",
                      "from": "amdefine@>=0.0.4",
                      "resolved": "https://registry.npmjs.org/amdefine/-/amdefine-1.0.0.tgz"
                    }
                  }
                }
              }
            }
          }
        },
        "fbjs": {
          "version": "0.3.2",
          "from": "fbjs@>=0.3.1 <0.4.0",
          "resolved": "https://registry.npmjs.org/fbjs/-/fbjs-0.3.2.tgz",
          "dependencies": {
            "core-js": {
              "version": "1.2.3",
              "from": "core-js@>=1.0.0 <2.0.0",
              "resolved": "https://registry.npmjs.org/core-js/-/core-js-1.2.3.tgz"
            },
            "loose-envify": {
              "version": "1.1.0",
              "from": "loose-envify@>=1.0.0 <2.0.0",
              "resolved": "https://registry.npmjs.org/loose-envify/-/loose-envify-1.1.0.tgz",
              "dependencies": {
                "js-tokens": {
                  "version": "1.0.2",
                  "from": "js-tokens@>=1.0.1 <2.0.0",
                  "resolved": "https://registry.npmjs.org/js-tokens/-/js-tokens-1.0.2.tgz"
                }
              }
            },
            "promise": {
              "version": "7.0.4",
              "from": "promise@>=7.0.3 <8.0.0",
              "resolved": "https://registry.npmjs.org/promise/-/promise-7.0.4.tgz",
              "dependencies": {
                "asap": {
                  "version": "2.0.3",
                  "from": "asap@>=2.0.3 <2.1.0",
                  "resolved": "https://registry.npmjs.org/asap/-/asap-2.0.3.tgz"
                }
              }
            },
            "ua-parser-js": {
              "version": "0.7.9",
              "from": "ua-parser-js@>=0.7.9 <0.8.0",
              "resolved": "https://registry.npmjs.org/ua-parser-js/-/ua-parser-js-0.7.9.tgz"
            }
          }
        }
      }
    },
    "react-addons-update": {
      "version": "0.14.0",
      "from": "react-addons-update@>=0.14.0 <0.15.0",
      "resolved": "https://registry.npmjs.org/react-addons-update/-/react-addons-update-0.14.0.tgz"
    },
    "react-intl": {
      "version": "2.0.0-pr-3",
      "from": "react-intl@>=2.0.0-pr-3 <3.0.0",
      "resolved": "https://registry.npmjs.org/react-intl/-/react-intl-2.0.0-pr-3.tgz",
      "dependencies": {
        "intl-format-cache": {
          "version": "2.0.4",
          "from": "intl-format-cache@2.0.4",
          "resolved": "https://registry.npmjs.org/intl-format-cache/-/intl-format-cache-2.0.4.tgz"
        },
        "intl-messageformat": {
          "version": "1.1.0",
          "from": "intl-messageformat@1.1.0",
          "resolved": "https://registry.npmjs.org/intl-messageformat/-/intl-messageformat-1.1.0.tgz",
          "dependencies": {
            "intl-messageformat-parser": {
              "version": "1.1.0",
              "from": "intl-messageformat-parser@1.1.0",
              "resolved": "https://registry.npmjs.org/intl-messageformat-parser/-/intl-messageformat-parser-1.1.0.tgz"
            }
          }
        },
        "intl-relativeformat": {
          "version": "1.1.0",
          "from": "intl-relativeformat@1.1.0",
          "resolved": "https://registry.npmjs.org/intl-relativeformat/-/intl-relativeformat-1.1.0.tgz"
        }
      }
    },
    "react-redux": {
      "version": "4.0.0",
      "from": "react-redux@>=4.0.0 <5.0.0",
      "resolved": "https://registry.npmjs.org/react-redux/-/react-redux-4.0.0.tgz",
      "dependencies": {
        "hoist-non-react-statics": {
          "version": "1.0.3",
          "from": "hoist-non-react-statics@>=1.0.3 <2.0.0",
          "resolved": "https://registry.npmjs.org/hoist-non-react-statics/-/hoist-non-react-statics-1.0.3.tgz"
        },
        "invariant": {
          "version": "2.1.1",
          "from": "invariant@>=2.0.0 <3.0.0",
          "resolved": "https://registry.npmjs.org/invariant/-/invariant-2.1.1.tgz",
          "dependencies": {
            "loose-envify": {
              "version": "1.1.0",
              "from": "loose-envify@>=1.0.0 <2.0.0",
              "resolved": "https://registry.npmjs.org/loose-envify/-/loose-envify-1.1.0.tgz",
              "dependencies": {
                "js-tokens": {
                  "version": "1.0.2",
                  "from": "js-tokens@>=1.0.1 <2.0.0",
                  "resolved": "https://registry.npmjs.org/js-tokens/-/js-tokens-1.0.2.tgz"
                }
              }
            }
          }
        }
      }
    },
    "react-treeview": {
      "version": "0.4.2",
      "from": "react-treeview@>=0.4.0 <0.5.0",
      "resolved": "https://registry.npmjs.org/react-treeview/-/react-treeview-0.4.2.tgz"
    },
    "redux": {
      "version": "3.0.4",
      "from": "redux@>=3.0.4 <4.0.0",
      "resolved": "https://registry.npmjs.org/redux/-/redux-3.0.4.tgz"
    },
    "redux-promise-middleware": {
      "version": "0.2.2",
      "from": "redux-promise-middleware@>=0.2.1 <0.3.0",
      "resolved": "https://registry.npmjs.org/redux-promise-middleware/-/redux-promise-middleware-0.2.2.tgz"
    },
    "uid": {
      "version": "0.0.2",
      "from": "uid@0.0.2",
      "resolved": "https://registry.npmjs.org/uid/-/uid-0.0.2.tgz"
    },
    "whatwg-fetch": {
      "version": "0.9.0",
      "from": "whatwg-fetch@>=0.9.0 <0.10.0",
      "resolved": "https://registry.npmjs.org/whatwg-fetch/-/whatwg-fetch-0.9.0.tgz"
    }
  }
}
